Microsoft Visual Studio Solution File, Format Version 12.00
# Visual Studio Version 17
VisualStudioVersion = 17.5.2.0
MinimumVisualStudioVersion = 10.0.40219.1
Project("{FAE04EC0-301F-11D3-BF4B-00C04F79EFBC}") = "webcodework-be", "webcodework-be.csproj", "{8F4AFA74-6124-B502-EA76-D6D360F6B188}"
EndProject
Global
	GlobalSection(SolutionConfigurationPlatforms) = preSolution
		Debug|Any CPU = Debug|Any CPU
		Release|Any CPU = Release|Any CPU
	EndGlobalSection
	GlobalSection(ProjectConfigurationPlatforms) = postSolution
		{8F4AFA74-6124-B502-EA76-D6D360F6B188}.Debug|Any CPU.ActiveCfg = Debug|Any CPU
		{8F4AFA74-6124-B502-EA76-D6D360F6B188}.Debug|Any CPU.Build.0 = Debug|Any CPU
		{8F4AFA74-6124-B502-EA76-D6D360F6B188}.Release|Any CPU.ActiveCfg = Release|Any CPU
		{8F4AFA74-6124-B502-EA76-D6D360F6B188}.Release|Any CPU.Build.0 = Release|Any CPU
	EndGlobalSection
	GlobalSection(SolutionProperties) = preSolution
		HideSolutionNode = FALSE
	EndGlobalSection
	GlobalSection(ExtensibilityGlobals) = postSolution
		SolutionGuid = {C19680F5-476A-485F-84C8-DA4B2F31A1B6}
	EndGlobalSection
EndGlobal
